<?xml version="1.0" encoding="utf-8"?>
<Project ToolsVersion="4.0" xmlns="http://schemas.microsoft.com/developer/msbuild/2003">
  <ItemGroup>
    <Filter Include="Source Files">
      <UniqueIdentifier>{4FC737F1-C7A5-4376-A066-2A32D752A2FF}</UniqueIdentifier>
      <Extensions>cpp;c;cc;cxx;def;odl;idl;hpj;bat;asm;asmx</Extensions>
    </Filter>
    <Filter Include="Header Files">
      <UniqueIdentifier>{93995380-89BD-4b04-88EB-625FBE52EBFB}</UniqueIdentifier>
      <Extensions>h;hpp;hxx;hm;inl;inc;xsd</Extensions>
    </Filter>
    <Filter Include="MVC">
      <UniqueIdentifier>{da86c79c-ed52-4636-966d-66c36b5b0d46}</UniqueIdentifier>
    </Filter>
    <Filter Include="MVC\CONTROLLER">
      <UniqueIdentifier>{c8f008c6-a108-47cc-9864-c96b53fcddbb}</UniqueIdentifier>
    </Filter>
    <Filter Include="MVC\VIEW">
      <UniqueIdentifier>{e472e82a-97f8-430a-9a1d-9f96467b67cb}</UniqueIdentifier>
    </Filter>
    <Filter Include="MVC\MODEL">
      <UniqueIdentifier>{7fb68b20-8913-4474-a755-21a382181035}</UniqueIdentifier>
    </Filter>
    <Filter Include="MVC\MODEL\Lv2">
      <UniqueIdentifier>{db71571c-2633-47b3-80e1-f8d3f50c3ef8}</UniqueIdentifier>
    </Filter>
    <Filter Include="MVC\MODEL\Lv3">
      <UniqueIdentifier>{d1df898e-0c11-445d-8c9e-eb6676b3c820}</UniqueIdentifier>
    </Filter>
    <Filter Include="MVC\MODEL\Lv4">
      <UniqueIdentifier>{2629a75c-2d08-4f4a-9a0a-475e18c3fe7d}</UniqueIdentifier>
    </Filter>
    <Filter Include="MVC\MODEL\Menu">
      <UniqueIdentifier>{b35da789-aef1-4ea3-a1e7-53f60febf7bb}</UniqueIdentifier>
    </Filter>
    <Filter Include="MVC\MODEL\General">
      <UniqueIdentifier>{9e78a9ae-1079-4a44-9564-20c886f55c54}</UniqueIdentifier>
    </Filter>
    <Filter Include="MVC\MODEL\Lv1">
      <UniqueIdentifier>{b4a4d633-667e-49c7-9efe-3cc360da0107}</UniqueIdentifier>
    </Filter>
    <Filter Include="Weapons">
      <UniqueIdentifier>{8ecb4231-7b8e-415c-8880-6529c7278247}</UniqueIdentifier>
    </Filter>
    <Filter Include="Characters">
      <UniqueIdentifier>{717b2217-3152-45d2-a3ed-58c28a5d1942}</UniqueIdentifier>
    </Filter>
    <Filter Include="Weapons\Source">
      <UniqueIdentifier>{324148dd-b914-407e-8d1b-dc27a0b45992}</UniqueIdentifier>
    </Filter>
    <Filter Include="Weapons\Header">
      <UniqueIdentifier>{4d389f8a-2af4-43df-8f82-fe40f1708a66}</UniqueIdentifier>
    </Filter>
    <Filter Include="Characters\Header">
      <UniqueIdentifier>{50024cbc-f213-45cd-a28a-d09b7ffb5b80}</UniqueIdentifier>
    </Filter>
    <Filter Include="Characters\Source">
      <UniqueIdentifier>{95424a16-1a17-474a-98c5-6804cd3d3334}</UniqueIdentifier>
    </Filter>
  </ItemGroup>
  <ItemGroup>
    <ClCompile Include="Source\main.cpp">
      <Filter>Source Files</Filter>
    </ClCompile>
    <ClCompile Include="Source\shader.cpp">
      <Filter>Source Files</Filter>
    </ClCompile>
    <ClCompile Include="Source\Mesh.cpp">
      <Filter>Source Files</Filter>
    </ClCompile>
    <ClCompile Include="Source\Camera.cpp">
      <Filter>Source Files</Filter>
    </ClCompile>
    <ClCompile Include="Source\MeshBuilder.cpp">
      <Filter>Source Files</Filter>
    </ClCompile>
    <ClCompile Include="Source\Utility.cpp">
      <Filter>Source Files</Filter>
    </ClCompile>
    <ClCompile Include="Source\LoadTGA.cpp">
      <Filter>Source Files</Filter>
    </ClCompile>
    <ClCompile Include="Source\Camera3.cpp">
      <Filter>Source Files</Filter>
    </ClCompile>
    <ClCompile Include="Source\LoadOBJ.cpp">
      <Filter>Source Files</Filter>
    </ClCompile>
    <ClCompile Include="Source\LoadHmap.cpp">
      <Filter>Source Files</Filter>
    </ClCompile>
    <ClCompile Include="Source\SpriteAnimation.cpp">
      <Filter>Source Files</Filter>
    </ClCompile>
    <ClCompile Include="Source\TileMap.cpp">
      <Filter>Source Files</Filter>
    </ClCompile>
    <ClCompile Include="Source\View.cpp">
      <Filter>MVC\VIEW</Filter>
    </ClCompile>
    <ClCompile Include="Source\GameView2D.cpp">
      <Filter>MVC\VIEW</Filter>
    </ClCompile>
    <ClCompile Include="Source\MenuView.cpp">
      <Filter>MVC\VIEW</Filter>
    </ClCompile>
    <ClCompile Include="Source\Controller.cpp">
      <Filter>MVC\CONTROLLER</Filter>
    </ClCompile>
    <ClCompile Include="Source\GameController2D.cpp">
      <Filter>MVC\CONTROLLER</Filter>
    </ClCompile>
    <ClCompile Include="Source\MenuController.cpp">
      <Filter>MVC\CONTROLLER</Filter>
    </ClCompile>
    <ClCompile Include="Source\GameModelLevel1.cpp">
      <Filter>MVC\MODEL\Lv1</Filter>
    </ClCompile>
    <ClCompile Include="Source\GameModelLevel2.cpp">
      <Filter>MVC\MODEL\Lv2</Filter>
    </ClCompile>
    <ClCompile Include="Source\GameModelLevel3.cpp">
      <Filter>MVC\MODEL\Lv3</Filter>
    </ClCompile>
    <ClCompile Include="Source\MenuModel.cpp">
      <Filter>MVC\MODEL\Menu</Filter>
    </ClCompile>
    <ClCompile Include="Source\GameModel2D.cpp">
      <Filter>MVC\MODEL\General</Filter>
    </ClCompile>
    <ClCompile Include="Source\Model.cpp">
      <Filter>MVC\MODEL\General</Filter>
    </ClCompile>
    <ClCompile Include="Source\GameModelLevel4.cpp">
      <Filter>MVC\MODEL\Lv4</Filter>
    </ClCompile>
    <ClCompile Include="Source\GameObject.cpp">
      <Filter>Source Files</Filter>
    </ClCompile>
    <ClCompile Include="Source\SoundManager.cpp">
      <Filter>Source Files</Filter>
    </ClCompile>
    <ClCompile Include="Source\Weapon.cpp">
      <Filter>Weapons\Source</Filter>
    </ClCompile>
    <ClCompile Include="Source\Pistol.cpp">
      <Filter>Weapons\Source</Filter>
    </ClCompile>
    <ClCompile Include="Source\Rifle.cpp">
      <Filter>Weapons\Source</Filter>
    </ClCompile>
    <ClCompile Include="Source\Shotgun.cpp">
      <Filter>Weapons\Source</Filter>
    </ClCompile>
    <ClCompile Include="Source\Character_Player.cpp">
      <Filter>Characters\Source</Filter>
    </ClCompile>
    <ClCompile Include="Source\Character.cpp">
      <Filter>Characters\Source</Filter>
    </ClCompile>
    <ClCompile Include="Source\Character_Enemy.cpp">
      <Filter>Characters\Source</Filter>
    </ClCompile>
    <ClCompile Include="Source\Pathfinding_Node.cpp">
      <Filter>Characters\Source</Filter>
    </ClCompile>
    <ClCompile Include="Source\Pathfinding_Grid.cpp">
      <Filter>Characters\Source</Filter>
    </ClCompile>
    <ClCompile Include="Source\Pathfinding.cpp">
      <Filter>Characters\Source</Filter>
    </ClCompile>
    <ClCompile Include="Source\EnemyPistol.cpp">
      <Filter>Weapons\Source</Filter>
    </ClCompile>
    <ClCompile Include="Source\HighScore.cpp">
      <Filter>Source Files</Filter>
    </ClCompile>
  </ItemGroup>
  <ItemGroup>
    <ClInclude Include="Source\Geometry.h">
      <Filter>Header Files</Filter>
    </ClInclude>
    <ClInclude Include="Source\shader.hpp">
      <Filter>Header Files</Filter>
    </ClInclude>
    <ClInclude Include="Source\Camera.h">
      <Filter>Header Files</Filter>
    </ClInclude>
    <ClInclude Include="Source\Mesh.h">
      <Filter>Header Files</Filter>
    </ClInclude>
    <ClInclude Include="Source\Vertex.h">
      <Filter>Header Files</Filter>
    </ClInclude>
    <ClInclude Include="Source\MeshBuilder.h">
      <Filter>Header Files</Filter>
    </ClInclude>
    <ClInclude Include="Source\Light.h">
      <Filter>Header Files</Filter>
    </ClInclude>
    <ClInclude Include="Source\Utility.h">
      <Filter>Header Files</Filter>
    </ClInclude>
    <ClInclude Include="Source\Material.h">
      <Filter>Header Files</Filter>
    </ClInclude>
    <ClInclude Include="Source\LoadTGA.h">
      <Filter>Header Files</Filter>
    </ClInclude>
    <ClInclude Include="Source\Camera3.h">
      <Filter>Header Files</Filter>
    </ClInclude>
    <ClInclude Include="Source\LoadOBJ.h">
      <Filter>Header Files</Filter>
    </ClInclude>
    <ClInclude Include="Source\LoadHmap.h">
      <Filter>Header Files</Filter>
    </ClInclude>
    <ClInclude Include="Source\SpriteAnimation.h">
      <Filter>Header Files</Filter>
    </ClInclude>
    <ClInclude Include="Source\Object.h">
      <Filter>Header Files</Filter>
    </ClInclude>
    <ClInclude Include="Source\TileMap.h">
      <Filter>Header Files</Filter>
    </ClInclude>
    <ClInclude Include="KeyBinds.h">
      <Filter>Header Files</Filter>
    </ClInclude>
    <ClInclude Include="Source\View.h">
      <Filter>MVC\VIEW</Filter>
    </ClInclude>
    <ClInclude Include="Source\GameView2D.h">
      <Filter>MVC\VIEW</Filter>
    </ClInclude>
    <ClInclude Include="Source\MenuView.h">
      <Filter>MVC\VIEW</Filter>
    </ClInclude>
    <ClInclude Include="Source\MenuController.h">
      <Filter>MVC\CONTROLLER</Filter>
    </ClInclude>
    <ClInclude Include="Source\Controller.h">
      <Filter>MVC\CONTROLLER</Filter>
    </ClInclude>
    <ClInclude Include="Source\GameController2D.h">
      <Filter>MVC\CONTROLLER</Filter>
    </ClInclude>
    <ClInclude Include="Source\GameModelLevel1.h">
      <Filter>MVC\MODEL\Lv1</Filter>
    </ClInclude>
    <ClInclude Include="Source\GameModelLevel2.h">
      <Filter>MVC\MODEL\Lv2</Filter>
    </ClInclude>
    <ClInclude Include="Source\GameModelLevel3.h">
      <Filter>MVC\MODEL\Lv3</Filter>
    </ClInclude>
    <ClInclude Include="Source\MenuModel.h">
      <Filter>MVC\MODEL\Menu</Filter>
    </ClInclude>
    <ClInclude Include="Source\GameModel2D.h">
      <Filter>MVC\MODEL\General</Filter>
    </ClInclude>
    <ClInclude Include="Source\Model.h">
      <Filter>MVC\MODEL\General</Filter>
    </ClInclude>
    <ClInclude Include="Source\GameModelLevel4.h">
      <Filter>MVC\MODEL\Lv4</Filter>
    </ClInclude>
    <ClInclude Include="Source\GameObject.h">
      <Filter>Header Files</Filter>
    </ClInclude>
    <ClInclude Include="Source\SoundManager.h">
      <Filter>Header Files</Filter>
    </ClInclude>
    <ClInclude Include="Source\Shotgun.h">
      <Filter>Weapons\Header</Filter>
    </ClInclude>
    <ClInclude Include="Source\Rifle.h">
      <Filter>Weapons\Header</Filter>
    </ClInclude>
    <ClInclude Include="Source\Pistol.h">
      <Filter>Weapons\Header</Filter>
    </ClInclude>
    <ClInclude Include="Source\Weapon.h">
      <Filter>Weapons\Header</Filter>
    </ClInclude>
    <ClInclude Include="Source\Character_Player.h">
      <Filter>Characters\Header</Filter>
    </ClInclude>
    <ClInclude Include="Source\Character_Enemy.h">
      <Filter>Characters\Header</Filter>
    </ClInclude>
    <ClInclude Include="Source\Character.h">
      <Filter>Characters\Header</Filter>
    </ClInclude>
    <ClInclude Include="Source\Pathfinding_Node.h">
      <Filter>Characters\Header</Filter>
    </ClInclude>
    <ClInclude Include="Source\Pathfinding_Grid.h">
      <Filter>Characters\Header</Filter>
    </ClInclude>
    <ClInclude Include="Source\Pathfinding.h">
      <Filter>Characters\Header</Filter>
    </ClInclude>
    <ClInclude Include="Source\EnemyPistol.h">
      <Filter>Weapons\Header</Filter>
    </ClInclude>
    <ClInclude Include="Source\HighScore.h">
      <Filter>Header Files</Filter>
    </ClInclude>
  </ItemGroup>
</Project>